// !$*UTF8*$!
{
	archiveVersion = 1;
	classes = {
	};
	objectVersion = 56;
	objects = {

/* Begin PBXBuildFile section */
		8114CCAF2A3E444C005B8BCC /* WeatherApp.swift in Sources */ = {isa = PBXBuildFile; fileRef = 8114CCAE2A3E444C005B8BCC /* WeatherApp.swift */; };
		8114CCB12A3E444C005B8BCC /* ContentView.swift in Sources */ = {isa = PBXBuildFile; fileRef = 8114CCB02A3E444C005B8BCC /* ContentView.swift */; };
		8114CCB32A3E444F005B8BCC /* Assets.xcassets in Resources */ = {isa = PBXBuildFile; fileRef = 8114CCB22A3E444F005B8BCC /* Assets.xcassets */; };
		8114CCB62A3E444F005B8BCC /* Preview Assets.xcassets in Resources */ = {isa = PBXBuildFile; fileRef = 8114CCB52A3E444F005B8BCC /* Preview Assets.xcassets */; };
		8114CCC32A3E4B57005B8BCC /* Extensions.swift in Sources */ = {isa = PBXBuildFile; fileRef = 8114CCC22A3E4B57005B8BCC /* Extensions.swift */; };
		8114CCC52A3E4EF6005B8BCC /* HomeView.swift in Sources */ = {isa = PBXBuildFile; fileRef = 8114CCC42A3E4EF6005B8BCC /* HomeView.swift */; };
		8114CCC72A3E594D005B8BCC /* TabBar.swift in Sources */ = {isa = PBXBuildFile; fileRef = 8114CCC62A3E594D005B8BCC /* TabBar.swift */; };
		8181E97A2A408AF30043DB7A /* SegmentedControl.swift in Sources */ = {isa = PBXBuildFile; fileRef = 8181E9792A408AF30043DB7A /* SegmentedControl.swift */; };
		8181E97C2A409C860043DB7A /* ForecastModel.swift in Sources */ = {isa = PBXBuildFile; fileRef = 8181E97B2A409C860043DB7A /* ForecastModel.swift */; };
		8181E97E2A409E090043DB7A /* ForecastCard.swift in Sources */ = {isa = PBXBuildFile; fileRef = 8181E97D2A409E090043DB7A /* ForecastCard.swift */; };
		81D0CF9E2A4185B000E45163 /* NavigationBar.swift in Sources */ = {isa = PBXBuildFile; fileRef = 81D0CF9D2A4185B000E45163 /* NavigationBar.swift */; };
		81D0CFA02A41898B00E45163 /* WeatherView.swift in Sources */ = {isa = PBXBuildFile; fileRef = 81D0CF9F2A41898B00E45163 /* WeatherView.swift */; };
		81D0CFA22A418CE400E45163 /* WeatherWidget.swift in Sources */ = {isa = PBXBuildFile; fileRef = 81D0CFA12A418CE400E45163 /* WeatherWidget.swift */; };
		81DC4BDC2A40346300058E99 /* Shapes.swift in Sources */ = {isa = PBXBuildFile; fileRef = 81DC4BDB2A40346300058E99 /* Shapes.swift */; };
		81DC4BE52A4053EA00058E99 /* BottomSheet in Frameworks */ = {isa = PBXBuildFile; productRef = 81DC4BE42A4053EA00058E99 /* BottomSheet */; };
		81DC4BE72A4054D500058E99 /* ForecastView.swift in Sources */ = {isa = PBXBuildFile; fileRef = 81DC4BE62A4054D500058E99 /* ForecastView.swift */; };
		81DC4BEA2A4059DE00058E99 /* Blur.swift in Sources */ = {isa = PBXBuildFile; fileRef = 81DC4BE92A4059DE00058E99 /* Blur.swift */; };
/* End PBXBuildFile section */

/* Begin PBXFileReference section */
		8114CCAB2A3E444C005B8BCC /* Weather.app */ = {isa = PBXFileReference; explicitFileType = wrapper.application; includeInIndex = 0; path = Weather.app; sourceTree = BUILT_PRODUCTS_DIR; };
		8114CCAE2A3E444C005B8BCC /* WeatherApp.swift */ = {isa = PBXFileReference; lastKnownFileType = sourcecode.swift; path = WeatherApp.swift; sourceTree = "<group>"; };
		8114CCB02A3E444C005B8BCC /* ContentView.swift */ = {isa = PBXFileReference; lastKnownFileType = sourcecode.swift; path = ContentView.swift; sourceTree = "<group>"; };
		8114CCB22A3E444F005B8BCC /* Assets.xcassets */ = {isa = PBXFileReference; lastKnownFileType = folder.assetcatalog; path = Assets.xcassets; sourceTree = "<group>"; };
		8114CCB52A3E444F005B8BCC /* Preview Assets.xcassets */ = {isa = PBXFileReference; lastKnownFileType = folder.assetcatalog; path = "Preview Assets.xcassets"; sourceTree = "<group>"; };
		8114CCC22A3E4B57005B8BCC /* Extensions.swift */ = {isa = PBXFileReference; lastKnownFileType = sourcecode.swift; path = Extensions.swift; sourceTree = "<group>"; };
		8114CCC42A3E4EF6005B8BCC /* HomeView.swift */ = {isa = PBXFileReference; lastKnownFileType = sourcecode.swift; path = HomeView.swift; sourceTree = "<group>"; };
		8114CCC62A3E594D005B8BCC /* TabBar.swift */ = {isa = PBXFileReference; lastKnownFileType = sourcecode.swift; path = TabBar.swift; sourceTree = "<group>"; };
		8181E9792A408AF30043DB7A /* SegmentedControl.swift */ = {isa = PBXFileReference; lastKnownFileType = sourcecode.swift; path = SegmentedControl.swift; sourceTree = "<group>"; };
		8181E97B2A409C860043DB7A /* ForecastModel.swift */ = {isa = PBXFileReference; lastKnownFileType = sourcecode.swift; path = ForecastModel.swift; sourceTree = "<group>"; };
		8181E97D2A409E090043DB7A /* ForecastCard.swift */ = {isa = PBXFileReference; lastKnownFileType = sourcecode.swift; path = ForecastCard.swift; sourceTree = "<group>"; };
		81D0CF9D2A4185B000E45163 /* NavigationBar.swift */ = {isa = PBXFileReference; lastKnownFileType = sourcecode.swift; path = NavigationBar.swift; sourceTree = "<group>"; };
		81D0CF9F2A41898B00E45163 /* WeatherView.swift */ = {isa = PBXFileReference; lastKnownFileType = sourcecode.swift; path = WeatherView.swift; sourceTree = "<group>"; };
		81D0CFA12A418CE400E45163 /* WeatherWidget.swift */ = {isa = PBXFileReference; lastKnownFileType = sourcecode.swift; path = WeatherWidget.swift; sourceTree = "<group>"; };
		81DC4BDB2A40346300058E99 /* Shapes.swift */ = {isa = PBXFileReference; lastKnownFileType = sourcecode.swift; path = Shapes.swift; sourceTree = "<group>"; };
		81DC4BE62A4054D500058E99 /* ForecastView.swift */ = {isa = PBXFileReference; lastKnownFileType = sourcecode.swift; path = ForecastView.swift; sourceTree = "<group>"; };
		81DC4BE92A4059DE00058E99 /* Blur.swift */ = {isa = PBXFileReference; lastKnownFileType = sourcecode.swift; path = Blur.swift; sourceTree = "<group>"; };
/* End PBXFileReference section */

/* Begin PBXFrameworksBuildPhase section */
		8114CCA82A3E444C005B8BCC /* Frameworks */ = {
			isa = PBXFrameworksBuildPhase;
			buildActionMask = 2147483647;
			files = (
				81DC4BE52A4053EA00058E99 /* BottomSheet in Frameworks */,
			);
			runOnlyForDeploymentPostprocessing = 0;
		};
/* End PBXFrameworksBuildPhase section */

/* Begin PBXGroup section */
		8114CCA22A3E444C005B8BCC = {
			isa = PBXGroup;
			children = (
				8114CCAD2A3E444C005B8BCC /* Weather */,
				8114CCAC2A3E444C005B8BCC /* Products */,
			);
			sourceTree = "<group>";
		};
		8114CCAC2A3E444C005B8BCC /* Products */ = {
			isa = PBXGroup;
			children = (
				8114CCAB2A3E444C005B8BCC /* Weather.app */,
			);
			name = Products;
			sourceTree = "<group>";
		};
		8114CCAD2A3E444C005B8BCC /* Weather */ = {
			isa = PBXGroup;
			children = (
				8114CCAE2A3E444C005B8BCC /* WeatherApp.swift */,
				8114CCBC2A3E4A23005B8BCC /* Views */,
				8114CCBD2A3E4A3C005B8BCC /* Models */,
				8114CCBE2A3E4A44005B8BCC /* Utils */,
				8114CCB22A3E444F005B8BCC /* Assets.xcassets */,
				8114CCB42A3E444F005B8BCC /* Preview Content */,
			);
			path = Weather;
			sourceTree = "<group>";
		};
		8114CCB42A3E444F005B8BCC /* Preview Content */ = {
			isa = PBXGroup;
			children = (
				8114CCB52A3E444F005B8BCC /* Preview Assets.xcassets */,
			);
			path = "Preview Content";
			sourceTree = "<group>";
		};
		8114CCBC2A3E4A23005B8BCC /* Views */ = {
			isa = PBXGroup;
			children = (
				8114CCBF2A3E4A84005B8BCC /* Main */,
				8114CCC02A3E4A8F005B8BCC /* Navigation */,
				8114CCC12A3E4A98005B8BCC /* Detail */,
				81DC4BE82A40594800058E99 /* Components */,
			);
			path = Views;
			sourceTree = "<group>";
		};
		8114CCBD2A3E4A3C005B8BCC /* Models */ = {
			isa = PBXGroup;
			children = (
				8181E97B2A409C860043DB7A /* ForecastModel.swift */,
			);
			path = Models;
			sourceTree = "<group>";
		};
		8114CCBE2A3E4A44005B8BCC /* Utils */ = {
			isa = PBXGroup;
			children = (
				8114CCC22A3E4B57005B8BCC /* Extensions.swift */,
				81DC4BDB2A40346300058E99 /* Shapes.swift */,
			);
			path = Utils;
			sourceTree = "<group>";
		};
		8114CCBF2A3E4A84005B8BCC /* Main */ = {
			isa = PBXGroup;
			children = (
				8114CCB02A3E444C005B8BCC /* ContentView.swift */,
				8114CCC42A3E4EF6005B8BCC /* HomeView.swift */,
			);
			path = Main;
			sourceTree = "<group>";
		};
		8114CCC02A3E4A8F005B8BCC /* Navigation */ = {
			isa = PBXGroup;
			children = (
				8114CCC62A3E594D005B8BCC /* TabBar.swift */,
				81D0CF9D2A4185B000E45163 /* NavigationBar.swift */,
			);
			path = Navigation;
			sourceTree = "<group>";
		};
		8114CCC12A3E4A98005B8BCC /* Detail */ = {
			isa = PBXGroup;
			children = (
				81DC4BE62A4054D500058E99 /* ForecastView.swift */,
				81D0CF9F2A41898B00E45163 /* WeatherView.swift */,
			);
			path = Detail;
			sourceTree = "<group>";
		};
		81DC4BE82A40594800058E99 /* Components */ = {
			isa = PBXGroup;
			children = (
				81DC4BE92A4059DE00058E99 /* Blur.swift */,
				8181E9792A408AF30043DB7A /* SegmentedControl.swift */,
				8181E97D2A409E090043DB7A /* ForecastCard.swift */,
				81D0CFA12A418CE400E45163 /* WeatherWidget.swift */,
			);
			path = Components;
			sourceTree = "<group>";
		};
/* End PBXGroup section */

/* Begin PBXNativeTarget section */
		8114CCAA2A3E444C005B8BCC /* Weather */ = {
			isa = PBXNativeTarget;
			buildConfigurationList = 8114CCB92A3E444F005B8BCC /* Build configuration list for PBXNativeTarget "Weather" */;
			buildPhases = (
				8114CCA72A3E444C005B8BCC /* Sources */,
				8114CCA82A3E444C005B8BCC /* Frameworks */,
				8114CCA92A3E444C005B8BCC /* Resources */,
			);
			buildRules = (
			);
			dependencies = (
			);
			name = Weather;
			packageProductDependencies = (
				81DC4BE42A4053EA00058E99 /* BottomSheet */,
			);
			productName = Weather;
			productReference = 8114CCAB2A3E444C005B8BCC /* Weather.app */;
			productType = "com.apple.product-type.application";
		};
/* End PBXNativeTarget section */

/* Begin PBXProject section */
		8114CCA32A3E444C005B8BCC /* Project object */ = {
			isa = PBXProject;
			attributes = {
				BuildIndependentTargetsInParallel = 1;
				LastSwiftUpdateCheck = 1420;
				LastUpgradeCheck = 1420;
				TargetAttributes = {
					8114CCAA2A3E444C005B8BCC = {
						CreatedOnToolsVersion = 14.2;
					};
				};
			};
			buildConfigurationList = 8114CCA62A3E444C005B8BCC /* Build configuration list for PBXProject "Weather" */;
			compatibilityVersion = "Xcode 14.0";
			developmentRegion = en;
			hasScannedForEncodings = 0;
			knownRegions = (
				en,
				Base,
			);
			mainGroup = 8114CCA22A3E444C005B8BCC;
			packageReferences = (
				81DC4BE32A4053EA00058E99 /* XCRemoteSwiftPackageReference "BottomSheet" */,
			);
			productRefGroup = 8114CCAC2A3E444C005B8BCC /* Products */;
			projectDirPath = "";
			projectRoot = "";
			targets = (
				8114CCAA2A3E444C005B8BCC /* Weather */,
			);
		};
/* End PBXProject section */

/* Begin PBXResourcesBuildPhase section */
		8114CCA92A3E444C005B8BCC /* Resources */ = {
			isa = PBXResourcesBuildPhase;
			buildActionMask = 2147483647;
			files = (
				8114CCB62A3E444F005B8BCC /* Preview Assets.xcassets in Resources */,
				8114CCB32A3E444F005B8BCC /* Assets.xcassets in Resources */,
			);
			runOnlyForDeploymentPostprocessing = 0;
		};
/* End PBXResourcesBuildPhase section */

/* Begin PBXSourcesBuildPhase section */
		8114CCA72A3E444C005B8BCC /* Sources */ = {
			isa = PBXSourcesBuildPhase;
			buildActionMask = 2147483647;
			files = (
				81D0CFA22A418CE400E45163 /* WeatherWidget.swift in Sources */,
				8181E97E2A409E090043DB7A /* ForecastCard.swift in Sources */,
				8114CCB12A3E444C005B8BCC /* ContentView.swift in Sources */,
				8181E97A2A408AF30043DB7A /* SegmentedControl.swift in Sources */,
				8114CCC52A3E4EF6005B8BCC /* HomeView.swift in Sources */,
				81DC4BEA2A4059DE00058E99 /* Blur.swift in Sources */,
				81D0CFA02A41898B00E45163 /* WeatherView.swift in Sources */,
				8114CCC32A3E4B57005B8BCC /* Extensions.swift in Sources */,
				8114CCAF2A3E444C005B8BCC /* WeatherApp.swift in Sources */,
				81DC4BE72A4054D500058E99 /* ForecastView.swift in Sources */,
				8114CCC72A3E594D005B8BCC /* TabBar.swift in Sources */,
				8181E97C2A409C860043DB7A /* ForecastModel.swift in Sources */,
				81DC4BDC2A40346300058E99 /* Shapes.swift in Sources */,
				81D0CF9E2A4185B000E45163 /* NavigationBar.swift in Sources */,
			);
			runOnlyForDeploymentPostprocessing = 0;
		};
/* End PBXSourcesBuildPhase section */

/* Begin XCBuildConfiguration section */
		8114CCB72A3E444F005B8BCC /* Debug */ = {
			isa = XCBuildConfiguration;
			buildSettings = {
				ALWAYS_SEARCH_USER_PATHS = NO;
				CLANG_ANALYZER_NONNULL = YES;
				CLANG_ANALYZER_NUMBER_OBJECT_CONVERSION = YES_AGGRESSIVE;
				CLANG_CXX_LANGUAGE_STANDARD = "gnu++20";
				CLANG_ENABLE_MODULES = YES;
				CLANG_ENABLE_OBJC_ARC = YES;
				CLANG_ENABLE_OBJC_WEAK = YES;
				CLANG_WARN_BLOCK_CAPTURE_AUTORELEASING = YES;
				CLANG_WARN_BOOL_CONVERSION = YES;
				CLANG_WARN_COMMA = YES;
				CLANG_WARN_CONSTANT_CONVERSION = YES;
				CLANG_WARN_DEPRECATED_OBJC_IMPLEMENTATIONS = YES;
				CLANG_WARN_DIRECT_OBJC_ISA_USAGE = YES_ERROR;
				CLANG_WARN_DOCUMENTATION_COMMENTS = YES;
				CLANG_WARN_EMPTY_BODY = YES;
				CLANG_WARN_ENUM_CONVERSION = YES;
				CLANG_WARN_INFINITE_RECURSION = YES;
				CLANG_WARN_INT_CONVERSION = YES;
				CLANG_WARN_NON_LITERAL_NULL_CONVERSION = YES;
				CLANG_WARN_OBJC_IMPLICIT_RETAIN_SELF = YES;
				CLANG_WARN_OBJC_LITERAL_CONVERSION = YES;
				CLANG_WARN_OBJC_ROOT_CLASS = YES_ERROR;
				CLANG_WARN_QUOTED_INCLUDE_IN_FRAMEWORK_HEADER = YES;
				CLANG_WARN_RANGE_LOOP_ANALYSIS = YES;
				CLANG_WARN_STRICT_PROTOTYPES = YES;
				CLANG_WARN_SUSPICIOUS_MOVE = YES;
				CLANG_WARN_UNGUARDED_AVAILABILITY = YES_AGGRESSIVE;
				CLANG_WARN_UNREACHABLE_CODE = YES;
				CLANG_WARN__DUPLICATE_METHOD_MATCH = YES;
				COPY_PHASE_STRIP = NO;
				DEBUG_INFORMATION_FORMAT = dwarf;
				ENABLE_STRICT_OBJC_MSGSEND = YES;
				ENABLE_TESTABILITY = YES;
				GCC_C_LANGUAGE_STANDARD = gnu11;
				GCC_DYNAMIC_NO_PIC = NO;
				GCC_NO_COMMON_BLOCKS = YES;
				GCC_OPTIMIZATION_LEVEL = 0;
				GCC_PREPROCESSOR_DEFINITIONS = (
					"DEBUG=1",
					"$(inherited)",
				);
				GCC_WARN_64_TO_32_BIT_CONVERSION = YES;
				GCC_WARN_ABOUT_RETURN_TYPE = YES_ERROR;
				GCC_WARN_UNDECLARED_SELECTOR = YES;
				GCC_WARN_UNINITIALIZED_AUTOS = YES_AGGRESSIVE;
				GCC_WARN_UNUSED_FUNCTION = YES;
				GCC_WARN_UNUSED_VARIABLE = YES;
				IPHONEOS_DEPLOYMENT_TARGET = 15.0;
				MTL_ENABLE_DEBUG_INFO = INCLUDE_SOURCE;
				MTL_FAST_MATH = YES;
				ONLY_ACTIVE_ARCH = YES;
				SDKROOT = iphoneos;
				SWIFT_ACTIVE_COMPILATION_CONDITIONS = DEBUG;
				SWIFT_OPTIMIZATION_LEVEL = "-Onone";
			};
			name = Debug;
		};
		8114CCB82A3E444F005B8BCC /* Release */ = {
			isa = XCBuildConfiguration;
			buildSettings = {
				ALWAYS_SEARCH_USER_PATHS = NO;
				CLANG_ANALYZER_NONNULL = YES;
				CLANG_ANALYZER_NUMBER_OBJECT_CONVERSION = YES_AGGRESSIVE;
				CLANG_CXX_LANGUAGE_STANDARD = "gnu++20";
				CLANG_ENABLE_MODULES = YES;
				CLANG_ENABLE_OBJC_ARC = YES;
				CLANG_ENABLE_OBJC_WEAK = YES;
				CLANG_WARN_BLOCK_CAPTURE_AUTORELEASING = YES;
				CLANG_WARN_BOOL_CONVERSION = YES;
				CLANG_WARN_COMMA = YES;
				CLANG_WARN_CONSTANT_CONVERSION = YES;
				CLANG_WARN_DEPRECATED_OBJC_IMPLEMENTATIONS = YES;
				CLANG_WARN_DIRECT_OBJC_ISA_USAGE = YES_ERROR;
				CLANG_WARN_DOCUMENTATION_COMMENTS = YES;
				CLANG_WARN_EMPTY_BODY = YES;
				CLANG_WARN_ENUM_CONVERSION = YES;
				CLANG_WARN_INFINITE_RECURSION = YES;
				CLANG_WARN_INT_CONVERSION = YES;
				CLANG_WARN_NON_LITERAL_NULL_CONVERSION = YES;
				CLANG_WARN_OBJC_IMPLICIT_RETAIN_SELF = YES;
				CLANG_WARN_OBJC_LITERAL_CONVERSION = YES;
				CLANG_WARN_OBJC_ROOT_CLASS = YES_ERROR;
				CLANG_WARN_QUOTED_INCLUDE_IN_FRAMEWORK_HEADER = YES;
				CLANG_WARN_RANGE_LOOP_ANALYSIS = YES;
				CLANG_WARN_STRICT_PROTOTYPES = YES;
				CLANG_WARN_SUSPICIOUS_MOVE = YES;
				CLANG_WARN_UNGUARDED_AVAILABILITY = YES_AGGRESSIVE;
				CLANG_WARN_UNREACHABLE_CODE = YES;
				CLANG_WARN__DUPLICATE_METHOD_MATCH = YES;
				COPY_PHASE_STRIP = NO;
				DEBUG_INFORMATION_FORMAT = "dwarf-with-dsym";
				ENABLE_NS_ASSERTIONS = NO;
				ENABLE_STRICT_OBJC_MSGSEND = YES;
				GCC_C_LANGUAGE_STANDARD = gnu11;
				GCC_NO_COMMON_BLOCKS = YES;
				GCC_WARN_64_TO_32_BIT_CONVERSION = YES;
				GCC_WARN_ABOUT_RETURN_TYPE = YES_ERROR;
				GCC_WARN_UNDECLARED_SELECTOR = YES;
				GCC_WARN_UNINITIALIZED_AUTOS = YES_AGGRESSIVE;
				GCC_WARN_UNUSED_FUNCTION = YES;
				GCC_WARN_UNUSED_VARIABLE = YES;
				IPHONEOS_DEPLOYMENT_TARGET = 15.0;
				MTL_ENABLE_DEBUG_INFO = NO;
				MTL_FAST_MATH = YES;
				SDKROOT = iphoneos;
				SWIFT_COMPILATION_MODE = wholemodule;
				SWIFT_OPTIMIZATION_LEVEL = "-O";
				VALIDATE_PRODUCT = YES;
			};
			name = Release;
		};
		8114CCBA2A3E444F005B8BCC /* Debug */ = {
			isa = XCBuildConfiguration;
			buildSettings = {
				ASSETCATALOG_COMPILER_APPICON_NAME = AppIcon;
				ASSETCATALOG_COMPILER_GLOBAL_ACCENT_COLOR_NAME = AccentColor;
				CODE_SIGN_STYLE = Automatic;
				CURRENT_PROJECT_VERSION = 1;
				DEVELOPMENT_ASSET_PATHS = "\"Weather/Preview Content\"";
				DEVELOPMENT_TEAM = QY4CR347Y8;
				ENABLE_PREVIEWS = YES;
				GENERATE_INFOPLIST_FILE = YES;
				INFOPLIST_KEY_UIApplicationSceneManifest_Generation = YES;
				INFOPLIST_KEY_UIApplicationSupportsIndirectInputEvents = YES;
				INFOPLIST_KEY_UILaunchScreen_Generation = YES;
				INFOPLIST_KEY_UISupportedInterfaceOrientations_iPad = "UIInterfaceOrientationPortrait UIInterfaceOrientationPortraitUpsideDown UIInterfaceOrientationLandscapeLeft UIInterfaceOrientationLandscapeRight";
				INFOPLIST_KEY_UISupportedInterfaceOrientations_iPhone = "UIInterfaceOrientationPortrait UIInterfaceOrientationLandscapeLeft UIInterfaceOrientationLandscapeRight";
				IPHONEOS_DEPLOYMENT_TARGET = 15.0;
				LD_RUNPATH_SEARCH_PATHS = (
					"$(inherited)",
					"@executable_path/Frameworks",
				);
				MARKETING_VERSION = 1.0;
				PRODUCT_BUNDLE_IDENTIFIER = io.miekusoft.Weather;
				PRODUCT_NAME = "$(TARGET_NAME)";
				SWIFT_EMIT_LOC_STRINGS = YES;
				SWIFT_VERSION = 5.0;
				TARGETED_DEVICE_FAMILY = "1,2";
			};
			name = Debug;
		};
		8114CCBB2A3E444F005B8BCC /* Release */ = {
			isa = XCBuildConfiguration;
			buildSettings = {
				ASSETCATALOG_COMPILER_APPICON_NAME = AppIcon;
				ASSETCATALOG_COMPILER_GLOBAL_ACCENT_COLOR_NAME = AccentColor;
				CODE_SIGN_STYLE = Automatic;
				CURRENT_PROJECT_VERSION = 1;
				DEVELOPMENT_ASSET_PATHS = "\"Weather/Preview Content\"";
				DEVELOPMENT_TEAM = QY4CR347Y8;
				ENABLE_PREVIEWS = YES;
				GENERATE_INFOPLIST_FILE = YES;
				INFOPLIST_KEY_UIApplicationSceneManifest_Generation = YES;
				INFOPLIST_KEY_UIApplicationSupportsIndirectInputEvents = YES;
				INFOPLIST_KEY_UILaunchScreen_Generation = YES;
				INFOPLIST_KEY_UISupportedInterfaceOrientations_iPad = "UIInterfaceOrientationPortrait UIInterfaceOrientationPortraitUpsideDown UIInterfaceOrientationLandscapeLeft UIInterfaceOrientationLandscapeRight";
				INFOPLIST_KEY_UISupportedInterfaceOrientations_iPhone = "UIInterfaceOrientationPortrait UIInterfaceOrientationLandscapeLeft UIInterfaceOrientationLandscapeRight";
				IPHONEOS_DEPLOYMENT_TARGET = 15.0;
				LD_RUNPATH_SEARCH_PATHS = (
					"$(inherited)",
					"@executable_path/Frameworks",
				);
				MARKETING_VERSION = 1.0;
				PRODUCT_BUNDLE_IDENTIFIER = io.miekusoft.Weather;
				PRODUCT_NAME = "$(TARGET_NAME)";
				SWIFT_EMIT_LOC_STRINGS = YES;
				SWIFT_VERSION = 5.0;
				TARGETED_DEVICE_FAMILY = "1,2";
			};
			name = Release;
		};
/* End XCBuildConfiguration section */

/* Begin XCConfigurationList section */
		8114CCA62A3E444C005B8BCC /* Build configuration list for PBXProject "Weather" */ = {
			isa = XCConfigurationList;
			buildConfigurations = (
				8114CCB72A3E444F005B8BCC /* Debug */,
				8114CCB82A3E444F005B8BCC /* Release */,
			);
			defaultConfigurationIsVisible = 0;
			defaultConfigurationName = Release;
		};
		8114CCB92A3E444F005B8BCC /* Build configuration list for PBXNativeTarget "Weather" */ = {
			isa = XCConfigurationList;
			buildConfigurations = (
				8114CCBA2A3E444F005B8BCC /* Debug */,
				8114CCBB2A3E444F005B8BCC /* Release */,
			);
			defaultConfigurationIsVisible = 0;
			defaultConfigurationName = Release;
		};
/* End XCConfigurationList section */

/* Begin XCRemoteSwiftPackageReference section */
		81DC4BE32A4053EA00058E99 /* XCRemoteSwiftPackageReference "BottomSheet" */ = {
			isa = XCRemoteSwiftPackageReference;
			repositoryURL = "https://github.com/Wouter125/BottomSheet";
			requirement = {
				kind = revision;
				revision = 44ab4103c63b07777bef40b91d5a21c3a12dbda4;
			};
		};
/* End XCRemoteSwiftPackageReference section */

/* Begin XCSwiftPackageProductDependency section */
		81DC4BE42A4053EA00058E99 /* BottomSheet */ = {
			isa = XCSwiftPackageProductDependency;
			package = 81DC4BE32A4053EA00058E99 /* XCRemoteSwiftPackageReference "BottomSheet" */;
			productName = BottomSheet;
		};
/* End XCSwiftPackageProductDependency section */
	};
	rootObject = 8114CCA32A3E444C005B8BCC /* Project object */;
}
